
Microsoft Visual Studio Solution File, Format Version 12.00
# Visual Studio Version 17
VisualStudioVersion = 17.0.31903.59
MinimumVisualStudioVersion = 10.0.40219.1
Project("{FAE04EC0-301F-11D3-BF4B-00C04F79EFBC}") = "dbprojekt-jonas2", "dbprojekt-jonas2\dbprojekt-jonas2.csproj", "{CBBFFB85-B69B-4D96-BAEE-87CA1A8D0D14}"
EndProject
Project("{FAE04EC0-301F-11D3-BF4B-00C04F79EFBC}") = "dbprojekt-jonas2.Tests", "dbprojekt-jonas2.Tests\dbprojekt-jonas2.Tests.csproj", "{B5DDC03E-947E-4EBB-B146-251AAB0280C0}"
EndProject
Global
	GlobalSection(SolutionConfigurationPlatforms) = preSolution
		Debug|Any CPU = Debug|Any CPU
		Release|Any CPU = Release|Any CPU
	EndGlobalSection
	GlobalSection(SolutionProperties) = preSolution
		HideSolutionNode = FALSE
	EndGlobalSection
	GlobalSection(ProjectConfigurationPlatforms) = postSolution
		{CBBFFB85-B69B-4D96-BAEE-87CA1A8D0D14}.Debug|Any CPU.ActiveCfg = Debug|Any CPU
		{CBBFFB85-B69B-4D96-BAEE-87CA1A8D0D14}.Debug|Any CPU.Build.0 = Debug|Any CPU
		{CBBFFB85-B69B-4D96-BAEE-87CA1A8D0D14}.Release|Any CPU.ActiveCfg = Release|Any CPU
		{CBBFFB85-B69B-4D96-BAEE-87CA1A8D0D14}.Release|Any CPU.Build.0 = Release|Any CPU
		{B5DDC03E-947E-4EBB-B146-251AAB0280C0}.Debug|Any CPU.ActiveCfg = Debug|Any CPU
		{B5DDC03E-947E-4EBB-B146-251AAB0280C0}.Debug|Any CPU.Build.0 = Debug|Any CPU
		{B5DDC03E-947E-4EBB-B146-251AAB0280C0}.Release|Any CPU.ActiveCfg = Release|Any CPU
		{B5DDC03E-947E-4EBB-B146-251AAB0280C0}.Release|Any CPU.Build.0 = Release|Any CPU
	EndGlobalSection
EndGlobal
